
Microsoft Visual Studio Solution File, Format Version 12.00
# Visual Studio Version 17
VisualStudioVersion = 17.2.32505.173
MinimumVisualStudioVersion = 10.0.40219.1
Project("{FAE04EC0-301F-11D3-BF4B-00C04F79EFBC}") = "TimeSheet", "TimeSheet\TimeSheet.csproj", "{049CC882-EABB-4B82-8D54-1F4CCCAB2A6D}"
EndProject
Global
	GlobalSection(SolutionConfigurationPlatforms) = preSolution
		Debug|Any CPU = Debug|Any CPU
		Release|Any CPU = Release|Any CPU
	EndGlobalSection
	GlobalSection(ProjectConfigurationPlatforms) = postSolution
		{049CC882-EABB-4B82-8D54-1F4CCCAB2A6D}.Debug|Any CPU.ActiveCfg = Debug|Any CPU
		{049CC882-EABB-4B82-8D54-1F4CCCAB2A6D}.Debug|Any CPU.Build.0 = Debug|Any CPU
		{049CC882-EABB-4B82-8D54-1F4CCCAB2A6D}.Release|Any CPU.ActiveCfg = Release|Any CPU
		{049CC882-EABB-4B82-8D54-1F4CCCAB2A6D}.Release|Any CPU.Build.0 = Release|Any CPU
	EndGlobalSection
	GlobalSection(SolutionProperties) = preSolution
		HideSolutionNode = FALSE
	EndGlobalSection
	GlobalSection(ExtensibilityGlobals) = postSolution
		SolutionGuid = {7348E2CD-7EAB-47B6-AEC7-CBE23CEFE225}
	EndGlobalSection
EndGlobal
